// !$*UTF8*$!
{
	archiveVersion = 1;
	classes = {
	};
	objectVersion = 46;
	objects = {

/* Begin PBXBuildFile section */
		22A4F959897CC93A995C6469 /* Pods_TideTestTests.framework in Frameworks */ = {isa = PBXBuildFile; fileRef = 232827DCCDF85432950C8AE9 /* Pods_TideTestTests.framework */; };
		5F3CDFB2A254B814978E614B /* Pods_TideTest.framework in Frameworks */ = {isa = PBXBuildFile; fileRef = A8BEF6DF7CBE5899C5A5DBAA /* Pods_TideTest.framework */; };
		A01B80C69B368CA092CE561B /* Pods_TideTestUITests.framework in Frameworks */ = {isa = PBXBuildFile; fileRef = 3F9A9188757D5D6F497B6478 /* Pods_TideTestUITests.framework */; };
		A137777E1F3B01A800DB1B02 /* AppDelegate.swift in Sources */ = {isa = PBXBuildFile; fileRef = A137777D1F3B01A800DB1B02 /* AppDelegate.swift */; };
		A13777801F3B01A800DB1B02 /* TableViewController.swift in Sources */ = {isa = PBXBuildFile; fileRef = A137777F1F3B01A800DB1B02 /* TableViewController.swift */; };
		A13777831F3B01A800DB1B02 /* Main.storyboard in Resources */ = {isa = PBXBuildFile; fileRef = A13777811F3B01A800DB1B02 /* Main.storyboard */; };
		A13777851F3B01A800DB1B02 /* Assets.xcassets in Resources */ = {isa = PBXBuildFile; fileRef = A13777841F3B01A800DB1B02 /* Assets.xcassets */; };
		A13777881F3B01A800DB1B02 /* LaunchScreen.storyboard in Resources */ = {isa = PBXBuildFile; fileRef = A13777861F3B01A800DB1B02 /* LaunchScreen.storyboard */; };
		A13777931F3B01A800DB1B02 /* TideTestTests.swift in Sources */ = {isa = PBXBuildFile; fileRef = A13777921F3B01A800DB1B02 /* TideTestTests.swift */; };
		A137779E1F3B01A800DB1B02 /* TideTestUITests.swift in Sources */ = {isa = PBXBuildFile; fileRef = A137779D1F3B01A800DB1B02 /* TideTestUITests.swift */; };
		A13777AD1F3B30AE00DB1B02 /* ApiManager.swift in Sources */ = {isa = PBXBuildFile; fileRef = A13777AB1F3B30AE00DB1B02 /* ApiManager.swift */; };
		A13777AE1F3B30AE00DB1B02 /* ApiManager+MapRequest.swift in Sources */ = {isa = PBXBuildFile; fileRef = A13777AC1F3B30AE00DB1B02 /* ApiManager+MapRequest.swift */; };
		A13777B31F3B363A00DB1B02 /* MainResponse.swift in Sources */ = {isa = PBXBuildFile; fileRef = A13777B21F3B363A00DB1B02 /* MainResponse.swift */; };
		A13777B51F3B36A100DB1B02 /* ResultItem.swift in Sources */ = {isa = PBXBuildFile; fileRef = A13777B41F3B36A100DB1B02 /* ResultItem.swift */; };
		A13777B71F3B381500DB1B02 /* ItemLocation.swift in Sources */ = {isa = PBXBuildFile; fileRef = A13777B61F3B381500DB1B02 /* ItemLocation.swift */; };
		A13777B91F3B386C00DB1B02 /* Geometry.swift in Sources */ = {isa = PBXBuildFile; fileRef = A13777B81F3B386C00DB1B02 /* Geometry.swift */; };
		A13777BC1F3B4D9500DB1B02 /* ResultsDataService.swift in Sources */ = {isa = PBXBuildFile; fileRef = A13777BB1F3B4D9500DB1B02 /* ResultsDataService.swift */; };
		A13777BE1F3B4E3F00DB1B02 /* ResultTableViewCell.swift in Sources */ = {isa = PBXBuildFile; fileRef = A13777BD1F3B4E3F00DB1B02 /* ResultTableViewCell.swift */; };
		A13777C01F3B642600DB1B02 /* MainViewController.swift in Sources */ = {isa = PBXBuildFile; fileRef = A13777BF1F3B642600DB1B02 /* MainViewController.swift */; };
		A13777C21F3B642F00DB1B02 /* MapViewController.swift in Sources */ = {isa = PBXBuildFile; fileRef = A13777C11F3B642F00DB1B02 /* MapViewController.swift */; };
/* End PBXBuildFile section */

/* Begin PBXContainerItemProxy section */
		A137778F1F3B01A800DB1B02 /* PBXContainerItemProxy */ = {
			isa = PBXContainerItemProxy;
			containerPortal = A13777721F3B01A800DB1B02 /* Project object */;
			proxyType = 1;
			remoteGlobalIDString = A13777791F3B01A800DB1B02;
			remoteInfo = TideTest;
		};
		A137779A1F3B01A800DB1B02 /* PBXContainerItemProxy */ = {
			isa = PBXContainerItemProxy;
			containerPortal = A13777721F3B01A800DB1B02 /* Project object */;
			proxyType = 1;
			remoteGlobalIDString = A13777791F3B01A800DB1B02;
			remoteInfo = TideTest;
		};
/* End PBXContainerItemProxy section */

/* Begin PBXFileReference section */
		232827DCCDF85432950C8AE9 /* Pods_TideTestTests.framework */ = {isa = PBXFileReference; explicitFileType = wrapper.framework; includeInIndex = 0; path = Pods_TideTestTests.framework; sourceTree = BUILT_PRODUCTS_DIR; };
		3F9A9188757D5D6F497B6478 /* Pods_TideTestUITests.framework */ = {isa = PBXFileReference; explicitFileType = wrapper.framework; includeInIndex = 0; path = Pods_TideTestUITests.framework; sourceTree = BUILT_PRODUCTS_DIR; };
		467F891B0F64147C05D34DBA /* Pods-TideTestUITests.release.xcconfig */ = {isa = PBXFileReference; includeInIndex = 1; lastKnownFileType = text.xcconfig; name = "Pods-TideTestUITests.release.xcconfig"; path = "Pods/Target Support Files/Pods-TideTestUITests/Pods-TideTestUITests.release.xcconfig"; sourceTree = "<group>"; };
		506C4F52A878CC9040D79C02 /* Pods-TideTestUITests.debug.xcconfig */ = {isa = PBXFileReference; includeInIndex = 1; lastKnownFileType = text.xcconfig; name = "Pods-TideTestUITests.debug.xcconfig"; path = "Pods/Target Support Files/Pods-TideTestUITests/Pods-TideTestUITests.debug.xcconfig"; sourceTree = "<group>"; };
		56761D4D03F189BA249C8F59 /* Pods-TideTest.release.xcconfig */ = {isa = PBXFileReference; includeInIndex = 1; lastKnownFileType = text.xcconfig; name = "Pods-TideTest.release.xcconfig"; path = "Pods/Target Support Files/Pods-TideTest/Pods-TideTest.release.xcconfig"; sourceTree = "<group>"; };
		9A6B1F2A485E061E49B7C8B8 /* Pods-TideTest.debug.xcconfig */ = {isa = PBXFileReference; includeInIndex = 1; lastKnownFileType = text.xcconfig; name = "Pods-TideTest.debug.xcconfig"; path = "Pods/Target Support Files/Pods-TideTest/Pods-TideTest.debug.xcconfig"; sourceTree = "<group>"; };
		A137777A1F3B01A800DB1B02 /* TideTest.app */ = {isa = PBXFileReference; explicitFileType = wrapper.application; includeInIndex = 0; path = TideTest.app; sourceTree = BUILT_PRODUCTS_DIR; };
		A137777D1F3B01A800DB1B02 /* AppDelegate.swift */ = {isa = PBXFileReference; lastKnownFileType = sourcecode.swift; path = AppDelegate.swift; sourceTree = "<group>"; };
		A137777F1F3B01A800DB1B02 /* TableViewController.swift */ = {isa = PBXFileReference; lastKnownFileType = sourcecode.swift; path = TableViewController.swift; sourceTree = "<group>"; };
		A13777821F3B01A800DB1B02 /* Base */ = {isa = PBXFileReference; lastKnownFileType = file.storyboard; name = Base; path = Base.lproj/Main.storyboard; sourceTree = "<group>"; };
		A13777841F3B01A800DB1B02 /* Assets.xcassets */ = {isa = PBXFileReference; lastKnownFileType = folder.assetcatalog; path = Assets.xcassets; sourceTree = "<group>"; };
		A13777871F3B01A800DB1B02 /* Base */ = {isa = PBXFileReference; lastKnownFileType = file.storyboard; name = Base; path = Base.lproj/LaunchScreen.storyboard; sourceTree = "<group>"; };
		A13777891F3B01A800DB1B02 /* Info.plist */ = {isa = PBXFileReference; lastKnownFileType = text.plist.xml; path = Info.plist; sourceTree = "<group>"; };
		A137778E1F3B01A800DB1B02 /* TideTestTests.xctest */ = {isa = PBXFileReference; explicitFileType = wrapper.cfbundle; includeInIndex = 0; path = TideTestTests.xctest; sourceTree = BUILT_PRODUCTS_DIR; };
		A13777921F3B01A800DB1B02 /* TideTestTests.swift */ = {isa = PBXFileReference; lastKnownFileType = sourcecode.swift; path = TideTestTests.swift; sourceTree = "<group>"; };
		A13777941F3B01A800DB1B02 /* Info.plist */ = {isa = PBXFileReference; lastKnownFileType = text.plist.xml; path = Info.plist; sourceTree = "<group>"; };
		A13777991F3B01A800DB1B02 /* TideTestUITests.xctest */ = {isa = PBXFileReference; explicitFileType = wrapper.cfbundle; includeInIndex = 0; path = TideTestUITests.xctest; sourceTree = BUILT_PRODUCTS_DIR; };
		A137779D1F3B01A800DB1B02 /* TideTestUITests.swift */ = {isa = PBXFileReference; lastKnownFileType = sourcecode.swift; path = TideTestUITests.swift; sourceTree = "<group>"; };
		A137779F1F3B01A800DB1B02 /* Info.plist */ = {isa = PBXFileReference; lastKnownFileType = text.plist.xml; path = Info.plist; sourceTree = "<group>"; };
		A13777AB1F3B30AE00DB1B02 /* ApiManager.swift */ = {isa = PBXFileReference; fileEncoding = 4; lastKnownFileType = sourcecode.swift; path = ApiManager.swift; sourceTree = "<group>"; };
		A13777AC1F3B30AE00DB1B02 /* ApiManager+MapRequest.swift */ = {isa = PBXFileReference; fileEncoding = 4; lastKnownFileType = sourcecode.swift; path = "ApiManager+MapRequest.swift"; sourceTree = "<group>"; };
		A13777B21F3B363A00DB1B02 /* MainResponse.swift */ = {isa = PBXFileReference; fileEncoding = 4; lastKnownFileType = sourcecode.swift; path = MainResponse.swift; sourceTree = "<group>"; };
		A13777B41F3B36A100DB1B02 /* ResultItem.swift */ = {isa = PBXFileReference; fileEncoding = 4; lastKnownFileType = sourcecode.swift; path = ResultItem.swift; sourceTree = "<group>"; };
		A13777B61F3B381500DB1B02 /* ItemLocation.swift */ = {isa = PBXFileReference; fileEncoding = 4; lastKnownFileType = sourcecode.swift; path = ItemLocation.swift; sourceTree = "<group>"; };
		A13777B81F3B386C00DB1B02 /* Geometry.swift */ = {isa = PBXFileReference; fileEncoding = 4; lastKnownFileType = sourcecode.swift; path = Geometry.swift; sourceTree = "<group>"; };
		A13777BB1F3B4D9500DB1B02 /* ResultsDataService.swift */ = {isa = PBXFileReference; fileEncoding = 4; lastKnownFileType = sourcecode.swift; path = ResultsDataService.swift; sourceTree = "<group>"; };
		A13777BD1F3B4E3F00DB1B02 /* ResultTableViewCell.swift */ = {isa = PBXFileReference; fileEncoding = 4; lastKnownFileType = sourcecode.swift; path = ResultTableViewCell.swift; sourceTree = "<group>"; };
		A13777BF1F3B642600DB1B02 /* MainViewController.swift */ = {isa = PBXFileReference; fileEncoding = 4; lastKnownFileType = sourcecode.swift; path = MainViewController.swift; sourceTree = "<group>"; };
		A13777C11F3B642F00DB1B02 /* MapViewController.swift */ = {isa = PBXFileReference; fileEncoding = 4; lastKnownFileType = sourcecode.swift; path = MapViewController.swift; sourceTree = "<group>"; };
		A8BEF6DF7CBE5899C5A5DBAA /* Pods_TideTest.framework */ = {isa = PBXFileReference; explicitFileType = wrapper.framework; includeInIndex = 0; path = Pods_TideTest.framework; sourceTree = BUILT_PRODUCTS_DIR; };
		BD69CB145869E7EB5C87C147 /* Pods-TideTestTests.debug.xcconfig */ = {isa = PBXFileReference; includeInIndex = 1; lastKnownFileType = text.xcconfig; name = "Pods-TideTestTests.debug.xcconfig"; path = "Pods/Target Support Files/Pods-TideTestTests/Pods-TideTestTests.debug.xcconfig"; sourceTree = "<group>"; };
		C1DA07DA916ABF5E6D71F2FA /* Pods-TideTestTests.release.xcconfig */ = {isa = PBXFileReference; includeInIndex = 1; lastKnownFileType = text.xcconfig; name = "Pods-TideTestTests.release.xcconfig"; path = "Pods/Target Support Files/Pods-TideTestTests/Pods-TideTestTests.release.xcconfig"; sourceTree = "<group>"; };
/* End PBXFileReference section */

/* Begin PBXFrameworksBuildPhase section */
		A13777771F3B01A800DB1B02 /* Frameworks */ = {
			isa = PBXFrameworksBuildPhase;
			buildActionMask = 2147483647;
			files = (
				5F3CDFB2A254B814978E614B /* Pods_TideTest.framework in Frameworks */,
			);
			runOnlyForDeploymentPostprocessing = 0;
		};
		A137778B1F3B01A800DB1B02 /* Frameworks */ = {
			isa = PBXFrameworksBuildPhase;
			buildActionMask = 2147483647;
			files = (
				22A4F959897CC93A995C6469 /* Pods_TideTestTests.framework in Frameworks */,
			);
			runOnlyForDeploymentPostprocessing = 0;
		};
		A13777961F3B01A800DB1B02 /* Frameworks */ = {
			isa = PBXFrameworksBuildPhase;
			buildActionMask = 2147483647;
			files = (
				A01B80C69B368CA092CE561B /* Pods_TideTestUITests.framework in Frameworks */,
			);
			runOnlyForDeploymentPostprocessing = 0;
		};
/* End PBXFrameworksBuildPhase section */

/* Begin PBXGroup section */
		2D9EA618873E1DB77F329918 /* Pods */ = {
			isa = PBXGroup;
			children = (
				9A6B1F2A485E061E49B7C8B8 /* Pods-TideTest.debug.xcconfig */,
				56761D4D03F189BA249C8F59 /* Pods-TideTest.release.xcconfig */,
				BD69CB145869E7EB5C87C147 /* Pods-TideTestTests.debug.xcconfig */,
				C1DA07DA916ABF5E6D71F2FA /* Pods-TideTestTests.release.xcconfig */,
				506C4F52A878CC9040D79C02 /* Pods-TideTestUITests.debug.xcconfig */,
				467F891B0F64147C05D34DBA /* Pods-TideTestUITests.release.xcconfig */,
			);
			name = Pods;
			sourceTree = "<group>";
		};
		A13777711F3B01A800DB1B02 = {
			isa = PBXGroup;
			children = (
				A137777C1F3B01A800DB1B02 /* TideTest */,
				A13777911F3B01A800DB1B02 /* TideTestTests */,
				A137779C1F3B01A800DB1B02 /* TideTestUITests */,
				A137777B1F3B01A800DB1B02 /* Products */,
				2D9EA618873E1DB77F329918 /* Pods */,
				B3E470AF490D041438BBEBA1 /* Frameworks */,
			);
			sourceTree = "<group>";
		};
		A137777B1F3B01A800DB1B02 /* Products */ = {
			isa = PBXGroup;
			children = (
				A137777A1F3B01A800DB1B02 /* TideTest.app */,
				A137778E1F3B01A800DB1B02 /* TideTestTests.xctest */,
				A13777991F3B01A800DB1B02 /* TideTestUITests.xctest */,
			);
			name = Products;
			sourceTree = "<group>";
		};
		A137777C1F3B01A800DB1B02 /* TideTest */ = {
			isa = PBXGroup;
			children = (
				A137777D1F3B01A800DB1B02 /* AppDelegate.swift */,
				A13777BF1F3B642600DB1B02 /* MainViewController.swift */,
				A13777C11F3B642F00DB1B02 /* MapViewController.swift */,
				A137777F1F3B01A800DB1B02 /* TableViewController.swift */,
				A13777BB1F3B4D9500DB1B02 /* ResultsDataService.swift */,
				A13777BD1F3B4E3F00DB1B02 /* ResultTableViewCell.swift */,
				A13777B11F3B321400DB1B02 /* Network */,
				A13777BA1F3B38C500DB1B02 /* Model */,
				A13777811F3B01A800DB1B02 /* Main.storyboard */,
				A13777841F3B01A800DB1B02 /* Assets.xcassets */,
				A13777861F3B01A800DB1B02 /* LaunchScreen.storyboard */,
				A13777891F3B01A800DB1B02 /* Info.plist */,
			);
			path = TideTest;
			sourceTree = "<group>";
		};
		A13777911F3B01A800DB1B02 /* TideTestTests */ = {
			isa = PBXGroup;
			children = (
				A13777921F3B01A800DB1B02 /* TideTestTests.swift */,
				A13777941F3B01A800DB1B02 /* Info.plist */,
			);
			path = TideTestTests;
			sourceTree = "<group>";
		};
		A137779C1F3B01A800DB1B02 /* TideTestUITests */ = {
			isa = PBXGroup;
			children = (
				A137779D1F3B01A800DB1B02 /* TideTestUITests.swift */,
				A137779F1F3B01A800DB1B02 /* Info.plist */,
			);
			path = TideTestUITests;
			sourceTree = "<group>";
		};
		A13777B11F3B321400DB1B02 /* Network */ = {
			isa = PBXGroup;
			children = (
				A13777AB1F3B30AE00DB1B02 /* ApiManager.swift */,
				A13777AC1F3B30AE00DB1B02 /* ApiManager+MapRequest.swift */,
			);
			name = Network;
			sourceTree = "<group>";
		};
		A13777BA1F3B38C500DB1B02 /* Model */ = {
			isa = PBXGroup;
			children = (
				A13777B21F3B363A00DB1B02 /* MainResponse.swift */,
				A13777B41F3B36A100DB1B02 /* ResultItem.swift */,
				A13777B81F3B386C00DB1B02 /* Geometry.swift */,
				A13777B61F3B381500DB1B02 /* ItemLocation.swift */,
			);
			name = Model;
			sourceTree = "<group>";
		};
		B3E470AF490D041438BBEBA1 /* Frameworks */ = {
			isa = PBXGroup;
			children = (
				A8BEF6DF7CBE5899C5A5DBAA /* Pods_TideTest.framework */,
				232827DCCDF85432950C8AE9 /* Pods_TideTestTests.framework */,
				3F9A9188757D5D6F497B6478 /* Pods_TideTestUITests.framework */,
			);
			name = Frameworks;
			sourceTree = "<group>";
		};
/* End PBXGroup section */

/* Begin PBXNativeTarget section */
		A13777791F3B01A800DB1B02 /* TideTest */ = {
			isa = PBXNativeTarget;
			buildConfigurationList = A13777A21F3B01A800DB1B02 /* Build configuration list for PBXNativeTarget "TideTest" */;
			buildPhases = (
				DAC5DA21A3EB4FA500E674BC /* [CP] Check Pods Manifest.lock */,
				A13777761F3B01A800DB1B02 /* Sources */,
				A13777771F3B01A800DB1B02 /* Frameworks */,
				A13777781F3B01A800DB1B02 /* Resources */,
				0DDB0D47C6AB0DC05F49B40E /* [CP] Embed Pods Frameworks */,
				1B36D2DBF1FAF0E063E43312 /* [CP] Copy Pods Resources */,
			);
			buildRules = (
			);
			dependencies = (
			);
			name = TideTest;
			productName = TideTest;
			productReference = A137777A1F3B01A800DB1B02 /* TideTest.app */;
			productType = "com.apple.product-type.application";
		};
		A137778D1F3B01A800DB1B02 /* TideTestTests */ = {
			isa = PBXNativeTarget;
			buildConfigurationList = A13777A51F3B01A800DB1B02 /* Build configuration list for PBXNativeTarget "TideTestTests" */;
			buildPhases = (
				C454541E25D35A8ABC6A95C7 /* [CP] Check Pods Manifest.lock */,
				A137778A1F3B01A800DB1B02 /* Sources */,
				A137778B1F3B01A800DB1B02 /* Frameworks */,
				A137778C1F3B01A800DB1B02 /* Resources */,
				ECDE66C47413F33D0BFF1217 /* [CP] Embed Pods Frameworks */,
				188F76EF7930679BD3C63EB5 /* [CP] Copy Pods Resources */,
			);
			buildRules = (
			);
			dependencies = (
				A13777901F3B01A800DB1B02 /* PBXTargetDependency */,
			);
			name = TideTestTests;
			productName = TideTestTests;
			productReference = A137778E1F3B01A800DB1B02 /* TideTestTests.xctest */;
			productType = "com.apple.product-type.bundle.unit-test";
		};
		A13777981F3B01A800DB1B02 /* TideTestUITests */ = {
			isa = PBXNativeTarget;
			buildConfigurationList = A13777A81F3B01A800DB1B02 /* Build configuration list for PBXNativeTarget "TideTestUITests" */;
			buildPhases = (
				E6DF8DB092EBC892627810C6 /* [CP] Check Pods Manifest.lock */,
				A13777951F3B01A800DB1B02 /* Sources */,
				A13777961F3B01A800DB1B02 /* Frameworks */,
				A13777971F3B01A800DB1B02 /* Resources */,
				6F1BE2DA5E60013B15AEE9FC /* [CP] Embed Pods Frameworks */,
				225B78947CFB11A882CEA6BB /* [CP] Copy Pods Resources */,
			);
			buildRules = (
			);
			dependencies = (
				A137779B1F3B01A800DB1B02 /* PBXTargetDependency */,
			);
			name = TideTestUITests;
			productName = TideTestUITests;
			productReference = A13777991F3B01A800DB1B02 /* TideTestUITests.xctest */;
			productType = "com.apple.product-type.bundle.ui-testing";
		};
/* End PBXNativeTarget section */

/* Begin PBXProject section */
		A13777721F3B01A800DB1B02 /* Project object */ = {
			isa = PBXProject;
			attributes = {
				LastSwiftUpdateCheck = 0830;
				LastUpgradeCheck = 0830;
				ORGANIZATIONNAME = "Vlad-Constantin Buhaescu";
				TargetAttributes = {
					A13777791F3B01A800DB1B02 = {
						CreatedOnToolsVersion = 8.3.3;
						DevelopmentTeam = NKABUV39MY;
						ProvisioningStyle = Automatic;
					};
					A137778D1F3B01A800DB1B02 = {
						CreatedOnToolsVersion = 8.3.3;
						ProvisioningStyle = Automatic;
						TestTargetID = A13777791F3B01A800DB1B02;
					};
					A13777981F3B01A800DB1B02 = {
						CreatedOnToolsVersion = 8.3.3;
						ProvisioningStyle = Automatic;
						TestTargetID = A13777791F3B01A800DB1B02;
					};
				};
			};
			buildConfigurationList = A13777751F3B01A800DB1B02 /* Build configuration list for PBXProject "TideTest" */;
			compatibilityVersion = "Xcode 3.2";
			developmentRegion = English;
			hasScannedForEncodings = 0;
			knownRegions = (
				en,
				Base,
			);
			mainGroup = A13777711F3B01A800DB1B02;
			productRefGroup = A137777B1F3B01A800DB1B02 /* Products */;
			projectDirPath = "";
			projectRoot = "";
			targets = (
				A13777791F3B01A800DB1B02 /* TideTest */,
				A137778D1F3B01A800DB1B02 /* TideTestTests */,
				A13777981F3B01A800DB1B02 /* TideTestUITests */,
			);
		};
/* End PBXProject section */

/* Begin PBXResourcesBuildPhase section */
		A13777781F3B01A800DB1B02 /* Resources */ = {
			isa = PBXResourcesBuildPhase;
			buildActionMask = 2147483647;
			files = (
				A13777881F3B01A800DB1B02 /* LaunchScreen.storyboard in Resources */,
				A13777851F3B01A800DB1B02 /* Assets.xcassets in Resources */,
				A13777831F3B01A800DB1B02 /* Main.storyboard in Resources */,
			);
			runOnlyForDeploymentPostprocessing = 0;
		};
		A137778C1F3B01A800DB1B02 /* Resources */ = {
			isa = PBXResourcesBuildPhase;
			buildActionMask = 2147483647;
			files = (
			);
			runOnlyForDeploymentPostprocessing = 0;
		};
		A13777971F3B01A800DB1B02 /* Resources */ = {
			isa = PBXResourcesBuildPhase;
			buildActionMask = 2147483647;
			files = (
			);
			runOnlyForDeploymentPostprocessing = 0;
		};
/* End PBXResourcesBuildPhase section */

/* Begin PBXShellScriptBuildPhase section */
		0DDB0D47C6AB0DC05F49B40E /* [CP] Embed Pods Frameworks */ = {
			isa = PBXShellScriptBuildPhase;
			buildActionMask = 2147483647;
			files = (
			);
			inputPaths = (
			);
			name = "[CP] Embed Pods Frameworks";
			outputPaths = (
			);
			runOnlyForDeploymentPostprocessing = 0;
			shellPath = /bin/sh;
			shellScript = "\"${SRCROOT}/Pods/Target Support Files/Pods-TideTest/Pods-TideTest-frameworks.sh\"\n";
			showEnvVarsInLog = 0;
		};
		188F76EF7930679BD3C63EB5 /* [CP] Copy Pods Resources */ = {
			isa = PBXShellScriptBuildPhase;
			buildActionMask = 2147483647;
			files = (
			);
			inputPaths = (
			);
			name = "[CP] Copy Pods Resources";
			outputPaths = (
			);
			runOnlyForDeploymentPostprocessing = 0;
			shellPath = /bin/sh;
			shellScript = "\"${SRCROOT}/Pods/Target Support Files/Pods-TideTestTests/Pods-TideTestTests-resources.sh\"\n";
			showEnvVarsInLog = 0;
		};
		1B36D2DBF1FAF0E063E43312 /* [CP] Copy Pods Resources */ = {
			isa = PBXShellScriptBuildPhase;
			buildActionMask = 2147483647;
			files = (
			);
			inputPaths = (
			);
			name = "[CP] Copy Pods Resources";
			outputPaths = (
			);
			runOnlyForDeploymentPostprocessing = 0;
			shellPath = /bin/sh;
			shellScript = "\"${SRCROOT}/Pods/Target Support Files/Pods-TideTest/Pods-TideTest-resources.sh\"\n";
			showEnvVarsInLog = 0;
		};
		225B78947CFB11A882CEA6BB /* [CP] Copy Pods Resources */ = {
			isa = PBXShellScriptBuildPhase;
			buildActionMask = 2147483647;
			files = (
			);
			inputPaths = (
			);
			name = "[CP] Copy Pods Resources";
			outputPaths = (
			);
			runOnlyForDeploymentPostprocessing = 0;
			shellPath = /bin/sh;
			shellScript = "\"${SRCROOT}/Pods/Target Support Files/Pods-TideTestUITests/Pods-TideTestUITests-resources.sh\"\n";
			showEnvVarsInLog = 0;
		};
		6F1BE2DA5E60013B15AEE9FC /* [CP] Embed Pods Frameworks */ = {
			isa = PBXShellScriptBuildPhase;
			buildActionMask = 2147483647;
			files = (
			);
			inputPaths = (
			);
			name = "[CP] Embed Pods Frameworks";
			outputPaths = (
			);
			runOnlyForDeploymentPostprocessing = 0;
			shellPath = /bin/sh;
			shellScript = "\"${SRCROOT}/Pods/Target Support Files/Pods-TideTestUITests/Pods-TideTestUITests-frameworks.sh\"\n";
			showEnvVarsInLog = 0;
		};
		C454541E25D35A8ABC6A95C7 /* [CP] Check Pods Manifest.lock */ = {
			isa = PBXShellScriptBuildPhase;
			buildActionMask = 2147483647;
			files = (
			);
			inputPaths = (
			);
			name = "[CP] Check Pods Manifest.lock";
			outputPaths = (
			);
			runOnlyForDeploymentPostprocessing = 0;
			shellPath = /bin/sh;
			shellScript = "diff \"${PODS_PODFILE_DIR_PATH}/Podfile.lock\" \"${PODS_ROOT}/Manifest.lock\" > /dev/null\nif [ $? != 0 ] ; then\n    # print error to STDERR\n    echo \"error: The sandbox is not in sync with the Podfile.lock. Run 'pod install' or update your CocoaPods installation.\" >&2\n    exit 1\nfi\n";
			showEnvVarsInLog = 0;
		};
		DAC5DA21A3EB4FA500E674BC /* [CP] Check Pods Manifest.lock */ = {
			isa = PBXShellScriptBuildPhase;
			buildActionMask = 2147483647;
			files = (
			);
			inputPaths = (
			);
			name = "[CP] Check Pods Manifest.lock";
			outputPaths = (
			);
			runOnlyForDeploymentPostprocessing = 0;
			shellPath = /bin/sh;
			shellScript = "diff \"${PODS_PODFILE_DIR_PATH}/Podfile.lock\" \"${PODS_ROOT}/Manifest.lock\" > /dev/null\nif [ $? != 0 ] ; then\n    # print error to STDERR\n    echo \"error: The sandbox is not in sync with the Podfile.lock. Run 'pod install' or update your CocoaPods installation.\" >&2\n    exit 1\nfi\n";
			showEnvVarsInLog = 0;
		};
		E6DF8DB092EBC892627810C6 /* [CP] Check Pods Manifest.lock */ = {
			isa = PBXShellScriptBuildPhase;
			buildActionMask = 2147483647;
			files = (
			);
			inputPaths = (
			);
			name = "[CP] Check Pods Manifest.lock";
			outputPaths = (
			);
			runOnlyForDeploymentPostprocessing = 0;
			shellPath = /bin/sh;
			shellScript = "diff \"${PODS_PODFILE_DIR_PATH}/Podfile.lock\" \"${PODS_ROOT}/Manifest.lock\" > /dev/null\nif [ $? != 0 ] ; then\n    # print error to STDERR\n    echo \"error: The sandbox is not in sync with the Podfile.lock. Run 'pod install' or update your CocoaPods installation.\" >&2\n    exit 1\nfi\n";
			showEnvVarsInLog = 0;
		};
		ECDE66C47413F33D0BFF1217 /* [CP] Embed Pods Frameworks */ = {
			isa = PBXShellScriptBuildPhase;
			buildActionMask = 2147483647;
			files = (
			);
			inputPaths = (
			);
			name = "[CP] Embed Pods Frameworks";
			outputPaths = (
			);
			runOnlyForDeploymentPostprocessing = 0;
			shellPath = /bin/sh;
			shellScript = "\"${SRCROOT}/Pods/Target Support Files/Pods-TideTestTests/Pods-TideTestTests-frameworks.sh\"\n";
			showEnvVarsInLog = 0;
		};
/* End PBXShellScriptBuildPhase section */

/* Begin PBXSourcesBuildPhase section */
		A13777761F3B01A800DB1B02 /* Sources */ = {
			isa = PBXSourcesBuildPhase;
			buildActionMask = 2147483647;
			files = (
				A13777801F3B01A800DB1B02 /* TableViewController.swift in Sources */,
				A13777C01F3B642600DB1B02 /* MainViewController.swift in Sources */,
				A13777B71F3B381500DB1B02 /* ItemLocation.swift in Sources */,
				A13777B51F3B36A100DB1B02 /* ResultItem.swift in Sources */,
				A13777BC1F3B4D9500DB1B02 /* ResultsDataService.swift in Sources */,
				A13777AE1F3B30AE00DB1B02 /* ApiManager+MapRequest.swift in Sources */,
				A13777AD1F3B30AE00DB1B02 /* ApiManager.swift in Sources */,
				A13777C21F3B642F00DB1B02 /* MapViewController.swift in Sources */,
				A13777B91F3B386C00DB1B02 /* Geometry.swift in Sources */,
				A137777E1F3B01A800DB1B02 /* AppDelegate.swift in Sources */,
				A13777BE1F3B4E3F00DB1B02 /* ResultTableViewCell.swift in Sources */,
				A13777B31F3B363A00DB1B02 /* MainResponse.swift in Sources */,
			);
			runOnlyForDeploymentPostprocessing = 0;
		};
		A137778A1F3B01A800DB1B02 /* Sources */ = {
			isa = PBXSourcesBuildPhase;
			buildActionMask = 2147483647;
			files = (
				A13777931F3B01A800DB1B02 /* TideTestTests.swift in Sources */,
			);
			runOnlyForDeploymentPostprocessing = 0;
		};
		A13777951F3B01A800DB1B02 /* Sources */ = {
			isa = PBXSourcesBuildPhase;
			buildActionMask = 2147483647;
			files = (
				A137779E1F3B01A800DB1B02 /* TideTestUITests.swift in Sources */,
			);
			runOnlyForDeploymentPostprocessing = 0;
		};
/* End PBXSourcesBuildPhase section */

/* Begin PBXTargetDependency section */
		A13777901F3B01A800DB1B02 /* PBXTargetDependency */ = {
			isa = PBXTargetDependency;
			target = A13777791F3B01A800DB1B02 /* TideTest */;
			targetProxy = A137778F1F3B01A800DB1B02 /* PBXContainerItemProxy */;
		};
		A137779B1F3B01A800DB1B02 /* PBXTargetDependency */ = {
			isa = PBXTargetDependency;
			target = A13777791F3B01A800DB1B02 /* TideTest */;
			targetProxy = A137779A1F3B01A800DB1B02 /* PBXContainerItemProxy */;
		};
/* End PBXTargetDependency section */

/* Begin PBXVariantGroup section */
		A13777811F3B01A800DB1B02 /* Main.storyboard */ = {
			isa = PBXVariantGroup;
			children = (
				A13777821F3B01A800DB1B02 /* Base */,
			);
			name = Main.storyboard;
			sourceTree = "<group>";
		};
		A13777861F3B01A800DB1B02 /* LaunchScreen.storyboard */ = {
			isa = PBXVariantGroup;
			children = (
				A13777871F3B01A800DB1B02 /* Base */,
			);
			name = LaunchScreen.storyboard;
			sourceTree = "<group>";
		};
/* End PBXVariantGroup section */

/* Begin XCBuildConfiguration section */
		A13777A01F3B01A800DB1B02 /* Debug */ = {
			isa = XCBuildConfiguration;
			buildSettings = {
				ALWAYS_SEARCH_USER_PATHS = NO;
				CLANG_ANALYZER_NONNULL = YES;
				CLANG_ANALYZER_NUMBER_OBJECT_CONVERSION = YES_AGGRESSIVE;
				CLANG_CXX_LANGUAGE_STANDARD = "gnu++0x";
				CLANG_CXX_LIBRARY = "libc++";
				CLANG_ENABLE_MODULES = YES;
				CLANG_ENABLE_OBJC_ARC = YES;
				CLANG_WARN_BOOL_CONVERSION = YES;
				CLANG_WARN_CONSTANT_CONVERSION = YES;
				CLANG_WARN_DIRECT_OBJC_ISA_USAGE = YES_ERROR;
				CLANG_WARN_DOCUMENTATION_COMMENTS = YES;
				CLANG_WARN_EMPTY_BODY = YES;
				CLANG_WARN_ENUM_CONVERSION = YES;
				CLANG_WARN_INFINITE_RECURSION = YES;
				CLANG_WARN_INT_CONVERSION = YES;
				CLANG_WARN_OBJC_ROOT_CLASS = YES_ERROR;
				CLANG_WARN_SUSPICIOUS_MOVE = YES;
				CLANG_WARN_UNREACHABLE_CODE = YES;
				CLANG_WARN__DUPLICATE_METHOD_MATCH = YES;
				"CODE_SIGN_IDENTITY[sdk=iphoneos*]" = "iPhone Developer";
				COPY_PHASE_STRIP = NO;
				DEBUG_INFORMATION_FORMAT = dwarf;
				ENABLE_STRICT_OBJC_MSGSEND = YES;
				ENABLE_TESTABILITY = YES;
				GCC_C_LANGUAGE_STANDARD = gnu99;
				GCC_DYNAMIC_NO_PIC = NO;
				GCC_NO_COMMON_BLOCKS = YES;
				GCC_OPTIMIZATION_LEVEL = 0;
				GCC_PREPROCESSOR_DEFINITIONS = (
					"DEBUG=1",
					"$(inherited)",
				);
				GCC_WARN_64_TO_32_BIT_CONVERSION = YES;
				GCC_WARN_ABOUT_RETURN_TYPE = YES_ERROR;
				GCC_WARN_UNDECLARED_SELECTOR = YES;
				GCC_WARN_UNINITIALIZED_AUTOS = YES_AGGRESSIVE;
				GCC_WARN_UNUSED_FUNCTION = YES;
				GCC_WARN_UNUSED_VARIABLE = YES;
				IPHONEOS_DEPLOYMENT_TARGET = 10.3;
				MTL_ENABLE_DEBUG_INFO = YES;
				ONLY_ACTIVE_ARCH = YES;
				SDKROOT = iphoneos;
				SWIFT_ACTIVE_COMPILATION_CONDITIONS = DEBUG;
				SWIFT_OPTIMIZATION_LEVEL = "-Onone";
			};
			name = Debug;
		};
		A13777A11F3B01A800DB1B02 /* Release */ = {
			isa = XCBuildConfiguration;
			buildSettings = {
				ALWAYS_SEARCH_USER_PATHS = NO;
				CLANG_ANALYZER_NONNULL = YES;
				CLANG_ANALYZER_NUMBER_OBJECT_CONVERSION = YES_AGGRESSIVE;
				CLANG_CXX_LANGUAGE_STANDARD = "gnu++0x";
				CLANG_CXX_LIBRARY = "libc++";
				CLANG_ENABLE_MODULES = YES;
				CLANG_ENABLE_OBJC_ARC = YES;
				CLANG_WARN_BOOL_CONVERSION = YES;
				CLANG_WARN_CONSTANT_CONVERSION = YES;
				CLANG_WARN_DIRECT_OBJC_ISA_USAGE = YES_ERROR;
				CLANG_WARN_DOCUMENTATION_COMMENTS = YES;
				CLANG_WARN_EMPTY_BODY = YES;
				CLANG_WARN_ENUM_CONVERSION = YES;
				CLANG_WARN_INFINITE_RECURSION = YES;
				CLANG_WARN_INT_CONVERSION = YES;
				CLANG_WARN_OBJC_ROOT_CLASS = YES_ERROR;
				CLANG_WARN_SUSPICIOUS_MOVE = YES;
				CLANG_WARN_UNREACHABLE_CODE = YES;
				CLANG_WARN__DUPLICATE_METHOD_MATCH = YES;
				"CODE_SIGN_IDENTITY[sdk=iphoneos*]" = "iPhone Developer";
				COPY_PHASE_STRIP = NO;
				DEBUG_INFORMATION_FORMAT = "dwarf-with-dsym";
				ENABLE_NS_ASSERTIONS = NO;
				ENABLE_STRICT_OBJC_MSGSEND = YES;
				GCC_C_LANGUAGE_STANDARD = gnu99;
				GCC_NO_COMMON_BLOCKS = YES;
				GCC_WARN_64_TO_32_BIT_CONVERSION = YES;
				GCC_WARN_ABOUT_RETURN_TYPE = YES_ERROR;
				GCC_WARN_UNDECLARED_SELECTOR = YES;
				GCC_WARN_UNINITIALIZED_AUTOS = YES_AGGRESSIVE;
				GCC_WARN_UNUSED_FUNCTION = YES;
				GCC_WARN_UNUSED_VARIABLE = YES;
				IPHONEOS_DEPLOYMENT_TARGET = 10.3;
				MTL_ENABLE_DEBUG_INFO = NO;
				SDKROOT = iphoneos;
				SWIFT_OPTIMIZATION_LEVEL = "-Owholemodule";
				VALIDATE_PRODUCT = YES;
			};
			name = Release;
		};
		A13777A31F3B01A800DB1B02 /* Debug */ = {
			isa = XCBuildConfiguration;
			baseConfigurationReference = 9A6B1F2A485E061E49B7C8B8 /* Pods-TideTest.debug.xcconfig */;
			buildSettings = {
				ASSETCATALOG_COMPILER_APPICON_NAME = AppIcon;
				DEVELOPMENT_TEAM = NKABUV39MY;
				INFOPLIST_FILE = TideTest/Info.plist;
				IPHONEOS_DEPLOYMENT_TARGET = 9.1;
				LD_RUNPATH_SEARCH_PATHS = "$(inherited) @executable_path/Frameworks";
				PRODUCT_BUNDLE_IDENTIFIER = home.TideTest;
				PRODUCT_NAME = "$(TARGET_NAME)";
				SWIFT_VERSION = 3.0;
			};
			name = Debug;
		};
		A13777A41F3B01A800DB1B02 /* Release */ = {
			isa = XCBuildConfiguration;
			baseConfigurationReference = 56761D4D03F189BA249C8F59 /* Pods-TideTest.release.xcconfig */;
			buildSettings = {
				ASSETCATALOG_COMPILER_APPICON_NAME = AppIcon;
				DEVELOPMENT_TEAM = NKABUV39MY;
				INFOPLIST_FILE = TideTest/Info.plist;
				IPHONEOS_DEPLOYMENT_TARGET = 9.1;
				LD_RUNPATH_SEARCH_PATHS = "$(inherited) @executable_path/Frameworks";
				PRODUCT_BUNDLE_IDENTIFIER = home.TideTest;
				PRODUCT_NAME = "$(TARGET_NAME)";
				SWIFT_VERSION = 3.0;
			};
			name = Release;
		};
		A13777A61F3B01A800DB1B02 /* Debug */ = {
			isa = XCBuildConfiguration;
			baseConfigurationReference = BD69CB145869E7EB5C87C147 /* Pods-TideTestTests.debug.xcconfig */;
			buildSettings = {
				ALWAYS_EMBED_SWIFT_STANDARD_LIBRARIES = YES;
				BUNDLE_LOADER = "$(TEST_HOST)";
				INFOPLIST_FILE = TideTestTests/Info.plist;
				LD_RUNPATH_SEARCH_PATHS = "$(inherited) @executable_path/Frameworks @loader_path/Frameworks";
				PRODUCT_BUNDLE_IDENTIFIER = home.TideTestTests;
				PRODUCT_NAME = "$(TARGET_NAME)";
				SWIFT_VERSION = 3.0;
				TEST_HOST = "$(BUILT_PRODUCTS_DIR)/TideTest.app/TideTest";
			};
			name = Debug;
		};
		A13777A71F3B01A800DB1B02 /* Release */ = {
			isa = XCBuildConfiguration;
			baseConfigurationReference = C1DA07DA916ABF5E6D71F2FA /* Pods-TideTestTests.release.xcconfig */;
			buildSettings = {
				ALWAYS_EMBED_SWIFT_STANDARD_LIBRARIES = YES;
				BUNDLE_LOADER = "$(TEST_HOST)";
				INFOPLIST_FILE = TideTestTests/Info.plist;
				LD_RUNPATH_SEARCH_PATHS = "$(inherited) @executable_path/Frameworks @loader_path/Frameworks";
				PRODUCT_BUNDLE_IDENTIFIER = home.TideTestTests;
				PRODUCT_NAME = "$(TARGET_NAME)";
				SWIFT_VERSION = 3.0;
				TEST_HOST = "$(BUILT_PRODUCTS_DIR)/TideTest.app/TideTest";
			};
			name = Release;
		};
		A13777A91F3B01A800DB1B02 /* Debug */ = {
			isa = XCBuildConfiguration;
			baseConfigurationReference = 506C4F52A878CC9040D79C02 /* Pods-TideTestUITests.debug.xcconfig */;
			buildSettings = {
				ALWAYS_EMBED_SWIFT_STANDARD_LIBRARIES = YES;
				INFOPLIST_FILE = TideTestUITests/Info.plist;
				LD_RUNPATH_SEARCH_PATHS = "$(inherited) @executable_path/Frameworks @loader_path/Frameworks";
				PRODUCT_BUNDLE_IDENTIFIER = home.TideTestUITests;
				PRODUCT_NAME = "$(TARGET_NAME)";
				SWIFT_VERSION = 3.0;
				TEST_TARGET_NAME = TideTest;
			};
			name = Debug;
		};
		A13777AA1F3B01A800DB1B02 /* Release */ = {
			isa = XCBuildConfiguration;
			baseConfigurationReference = 467F891B0F64147C05D34DBA /* Pods-TideTestUITests.release.xcconfig */;
			buildSettings = {
				ALWAYS_EMBED_SWIFT_STANDARD_LIBRARIES = YES;
				INFOPLIST_FILE = TideTestUITests/Info.plist;
				LD_RUNPATH_SEARCH_PATHS = "$(inherited) @executable_path/Frameworks @loader_path/Frameworks";
				PRODUCT_BUNDLE_IDENTIFIER = home.TideTestUITests;
				PRODUCT_NAME = "$(TARGET_NAME)";
				SWIFT_VERSION = 3.0;
				TEST_TARGET_NAME = TideTest;
			};
			name = Release;
		};
/* End XCBuildConfiguration section */

/* Begin XCConfigurationList section */
		A13777751F3B01A800DB1B02 /* Build configuration list for PBXProject "TideTest" */ = {
			isa = XCConfigurationList;
			buildConfigurations = (
				A13777A01F3B01A800DB1B02 /* Debug */,
				A13777A11F3B01A800DB1B02 /* Release */,
			);
			defaultConfigurationIsVisible = 0;
			defaultConfigurationName = Release;
		};
		A13777A21F3B01A800DB1B02 /* Build configuration list for PBXNativeTarget "TideTest" */ = {
			isa = XCConfigurationList;
			buildConfigurations = (
				A13777A31F3B01A800DB1B02 /* Debug */,
				A13777A41F3B01A800DB1B02 /* Release */,
			);
			defaultConfigurationIsVisible = 0;
			defaultConfigurationName = Release;
		};
		A13777A51F3B01A800DB1B02 /* Build configuration list for PBXNativeTarget "TideTestTests" */ = {
			isa = XCConfigurationList;
			buildConfigurations = (
				A13777A61F3B01A800DB1B02 /* Debug */,
				A13777A71F3B01A800DB1B02 /* Release */,
			);
			defaultConfigurationIsVisible = 0;
			defaultConfigurationName = Release;
		};
		A13777A81F3B01A800DB1B02 /* Build configuration list for PBXNativeTarget "TideTestUITests" */ = {
			isa = XCConfigurationList;
			buildConfigurations = (
				A13777A91F3B01A800DB1B02 /* Debug */,
				A13777AA1F3B01A800DB1B02 /* Release */,
			);
			defaultConfigurationIsVisible = 0;
			defaultConfigurationName = Release;
		};
/* End XCConfigurationList section */
	};
	rootObject = A13777721F3B01A800DB1B02 /* Project object */;
}
