// !$*UTF8*$!
{
	archiveVersion = 1;
	classes = {
	};
	objectVersion = 46;
	objects = {

/* Begin PBXBuildFile section */
		A137777E1F3B01A800DB1B02 /* AppDelegate.swift in Sources */ = {isa = PBXBuildFile; fileRef = A137777D1F3B01A800DB1B02 /* AppDelegate.swift */; };
		A13777801F3B01A800DB1B02 /* ViewController.swift in Sources */ = {isa = PBXBuildFile; fileRef = A137777F1F3B01A800DB1B02 /* ViewController.swift */; };
		A13777831F3B01A800DB1B02 /* Main.storyboard in Resources */ = {isa = PBXBuildFile; fileRef = A13777811F3B01A800DB1B02 /* Main.storyboard */; };
		A13777851F3B01A800DB1B02 /* Assets.xcassets in Resources */ = {isa = PBXBuildFile; fileRef = A13777841F3B01A800DB1B02 /* Assets.xcassets */; };
		A13777881F3B01A800DB1B02 /* LaunchScreen.storyboard in Resources */ = {isa = PBXBuildFile; fileRef = A13777861F3B01A800DB1B02 /* LaunchScreen.storyboard */; };
		A13777931F3B01A800DB1B02 /* TideTestTests.swift in Sources */ = {isa = PBXBuildFile; fileRef = A13777921F3B01A800DB1B02 /* TideTestTests.swift */; };
		A137779E1F3B01A800DB1B02 /* TideTestUITests.swift in Sources */ = {isa = PBXBuildFile; fileRef = A137779D1F3B01A800DB1B02 /* TideTestUITests.swift */; };
/* End PBXBuildFile section */

/* Begin PBXContainerItemProxy section */
		A137778F1F3B01A800DB1B02 /* PBXContainerItemProxy */ = {
			isa = PBXContainerItemProxy;
			containerPortal = A13777721F3B01A800DB1B02 /* Project object */;
			proxyType = 1;
			remoteGlobalIDString = A13777791F3B01A800DB1B02;
			remoteInfo = TideTest;
		};
		A137779A1F3B01A800DB1B02 /* PBXContainerItemProxy */ = {
			isa = PBXContainerItemProxy;
			containerPortal = A13777721F3B01A800DB1B02 /* Project object */;
			proxyType = 1;
			remoteGlobalIDString = A13777791F3B01A800DB1B02;
			remoteInfo = TideTest;
		};
/* End PBXContainerItemProxy section */

/* Begin PBXFileReference section */
		A137777A1F3B01A800DB1B02 /* TideTest.app */ = {isa = PBXFileReference; explicitFileType = wrapper.application; includeInIndex = 0; path = TideTest.app; sourceTree = BUILT_PRODUCTS_DIR; };
		A137777D1F3B01A800DB1B02 /* AppDelegate.swift */ = {isa = PBXFileReference; lastKnownFileType = sourcecode.swift; path = AppDelegate.swift; sourceTree = "<group>"; };
		A137777F1F3B01A800DB1B02 /* ViewController.swift */ = {isa = PBXFileReference; lastKnownFileType = sourcecode.swift; path = ViewController.swift; sourceTree = "<group>"; };
		A13777821F3B01A800DB1B02 /* Base */ = {isa = PBXFileReference; lastKnownFileType = file.storyboard; name = Base; path = Base.lproj/Main.storyboard; sourceTree = "<group>"; };
		A13777841F3B01A800DB1B02 /* Assets.xcassets */ = {isa = PBXFileReference; lastKnownFileType = folder.assetcatalog; path = Assets.xcassets; sourceTree = "<group>"; };
		A13777871F3B01A800DB1B02 /* Base */ = {isa = PBXFileReference; lastKnownFileType = file.storyboard; name = Base; path = Base.lproj/LaunchScreen.storyboard; sourceTree = "<group>"; };
		A13777891F3B01A800DB1B02 /* Info.plist */ = {isa = PBXFileReference; lastKnownFileType = text.plist.xml; path = Info.plist; sourceTree = "<group>"; };
		A137778E1F3B01A800DB1B02 /* TideTestTests.xctest */ = {isa = PBXFileReference; explicitFileType = wrapper.cfbundle; includeInIndex = 0; path = TideTestTests.xctest; sourceTree = BUILT_PRODUCTS_DIR; };
		A13777921F3B01A800DB1B02 /* TideTestTests.swift */ = {isa = PBXFileReference; lastKnownFileType = sourcecode.swift; path = TideTestTests.swift; sourceTree = "<group>"; };
		A13777941F3B01A800DB1B02 /* Info.plist */ = {isa = PBXFileReference; lastKnownFileType = text.plist.xml; path = Info.plist; sourceTree = "<group>"; };
		A13777991F3B01A800DB1B02 /* TideTestUITests.xctest */ = {isa = PBXFileReference; explicitFileType = wrapper.cfbundle; includeInIndex = 0; path = TideTestUITests.xctest; sourceTree = BUILT_PRODUCTS_DIR; };
		A137779D1F3B01A800DB1B02 /* TideTestUITests.swift */ = {isa = PBXFileReference; lastKnownFileType = sourcecode.swift; path = TideTestUITests.swift; sourceTree = "<group>"; };
		A137779F1F3B01A800DB1B02 /* Info.plist */ = {isa = PBXFileReference; lastKnownFileType = text.plist.xml; path = Info.plist; sourceTree = "<group>"; };
/* End PBXFileReference section */

/* Begin PBXFrameworksBuildPhase section */
		A13777771F3B01A800DB1B02 /* Frameworks */ = {
			isa = PBXFrameworksBuildPhase;
			buildActionMask = 2147483647;
			files = (
			);
			runOnlyForDeploymentPostprocessing = 0;
		};
		A137778B1F3B01A800DB1B02 /* Frameworks */ = {
			isa = PBXFrameworksBuildPhase;
			buildActionMask = 2147483647;
			files = (
			);
			runOnlyForDeploymentPostprocessing = 0;
		};
		A13777961F3B01A800DB1B02 /* Frameworks */ = {
			isa = PBXFrameworksBuildPhase;
			buildActionMask = 2147483647;
			files = (
			);
			runOnlyForDeploymentPostprocessing = 0;
		};
/* End PBXFrameworksBuildPhase section */

/* Begin PBXGroup section */
		A13777711F3B01A800DB1B02 = {
			isa = PBXGroup;
			children = (
				A137777C1F3B01A800DB1B02 /* TideTest */,
				A13777911F3B01A800DB1B02 /* TideTestTests */,
				A137779C1F3B01A800DB1B02 /* TideTestUITests */,
				A137777B1F3B01A800DB1B02 /* Products */,
			);
			sourceTree = "<group>";
		};
		A137777B1F3B01A800DB1B02 /* Products */ = {
			isa = PBXGroup;
			children = (
				A137777A1F3B01A800DB1B02 /* TideTest.app */,
				A137778E1F3B01A800DB1B02 /* TideTestTests.xctest */,
				A13777991F3B01A800DB1B02 /* TideTestUITests.xctest */,
			);
			name = Products;
			sourceTree = "<group>";
		};
		A137777C1F3B01A800DB1B02 /* TideTest */ = {
			isa = PBXGroup;
			children = (
				A137777D1F3B01A800DB1B02 /* AppDelegate.swift */,
				A137777F1F3B01A800DB1B02 /* ViewController.swift */,
				A13777811F3B01A800DB1B02 /* Main.storyboard */,
				A13777841F3B01A800DB1B02 /* Assets.xcassets */,
				A13777861F3B01A800DB1B02 /* LaunchScreen.storyboard */,
				A13777891F3B01A800DB1B02 /* Info.plist */,
			);
			path = TideTest;
			sourceTree = "<group>";
		};
		A13777911F3B01A800DB1B02 /* TideTestTests */ = {
			isa = PBXGroup;
			children = (
				A13777921F3B01A800DB1B02 /* TideTestTests.swift */,
				A13777941F3B01A800DB1B02 /* Info.plist */,
			);
			path = TideTestTests;
			sourceTree = "<group>";
		};
		A137779C1F3B01A800DB1B02 /* TideTestUITests */ = {
			isa = PBXGroup;
			children = (
				A137779D1F3B01A800DB1B02 /* TideTestUITests.swift */,
				A137779F1F3B01A800DB1B02 /* Info.plist */,
			);
			path = TideTestUITests;
			sourceTree = "<group>";
		};
/* End PBXGroup section */

/* Begin PBXNativeTarget section */
		A13777791F3B01A800DB1B02 /* TideTest */ = {
			isa = PBXNativeTarget;
			buildConfigurationList = A13777A21F3B01A800DB1B02 /* Build configuration list for PBXNativeTarget "TideTest" */;
			buildPhases = (
				A13777761F3B01A800DB1B02 /* Sources */,
				A13777771F3B01A800DB1B02 /* Frameworks */,
				A13777781F3B01A800DB1B02 /* Resources */,
			);
			buildRules = (
			);
			dependencies = (
			);
			name = TideTest;
			productName = TideTest;
			productReference = A137777A1F3B01A800DB1B02 /* TideTest.app */;
			productType = "com.apple.product-type.application";
		};
		A137778D1F3B01A800DB1B02 /* TideTestTests */ = {
			isa = PBXNativeTarget;
			buildConfigurationList = A13777A51F3B01A800DB1B02 /* Build configuration list for PBXNativeTarget "TideTestTests" */;
			buildPhases = (
				A137778A1F3B01A800DB1B02 /* Sources */,
				A137778B1F3B01A800DB1B02 /* Frameworks */,
				A137778C1F3B01A800DB1B02 /* Resources */,
			);
			buildRules = (
			);
			dependencies = (
				A13777901F3B01A800DB1B02 /* PBXTargetDependency */,
			);
			name = TideTestTests;
			productName = TideTestTests;
			productReference = A137778E1F3B01A800DB1B02 /* TideTestTests.xctest */;
			productType = "com.apple.product-type.bundle.unit-test";
		};
		A13777981F3B01A800DB1B02 /* TideTestUITests */ = {
			isa = PBXNativeTarget;
			buildConfigurationList = A13777A81F3B01A800DB1B02 /* Build configuration list for PBXNativeTarget "TideTestUITests" */;
			buildPhases = (
				A13777951F3B01A800DB1B02 /* Sources */,
				A13777961F3B01A800DB1B02 /* Frameworks */,
				A13777971F3B01A800DB1B02 /* Resources */,
			);
			buildRules = (
			);
			dependencies = (
				A137779B1F3B01A800DB1B02 /* PBXTargetDependency */,
			);
			name = TideTestUITests;
			productName = TideTestUITests;
			productReference = A13777991F3B01A800DB1B02 /* TideTestUITests.xctest */;
			productType = "com.apple.product-type.bundle.ui-testing";
		};
/* End PBXNativeTarget section */

/* Begin PBXProject section */
		A13777721F3B01A800DB1B02 /* Project object */ = {
			isa = PBXProject;
			attributes = {
				LastSwiftUpdateCheck = 0830;
				LastUpgradeCheck = 0830;
				ORGANIZATIONNAME = "Vlad-Constantin Buhaescu";
				TargetAttributes = {
					A13777791F3B01A800DB1B02 = {
						CreatedOnToolsVersion = 8.3.3;
						ProvisioningStyle = Automatic;
					};
					A137778D1F3B01A800DB1B02 = {
						CreatedOnToolsVersion = 8.3.3;
						ProvisioningStyle = Automatic;
						TestTargetID = A13777791F3B01A800DB1B02;
					};
					A13777981F3B01A800DB1B02 = {
						CreatedOnToolsVersion = 8.3.3;
						ProvisioningStyle = Automatic;
						TestTargetID = A13777791F3B01A800DB1B02;
					};
				};
			};
			buildConfigurationList = A13777751F3B01A800DB1B02 /* Build configuration list for PBXProject "TideTest" */;
			compatibilityVersion = "Xcode 3.2";
			developmentRegion = English;
			hasScannedForEncodings = 0;
			knownRegions = (
				en,
				Base,
			);
			mainGroup = A13777711F3B01A800DB1B02;
			productRefGroup = A137777B1F3B01A800DB1B02 /* Products */;
			projectDirPath = "";
			projectRoot = "";
			targets = (
				A13777791F3B01A800DB1B02 /* TideTest */,
				A137778D1F3B01A800DB1B02 /* TideTestTests */,
				A13777981F3B01A800DB1B02 /* TideTestUITests */,
			);
		};
/* End PBXProject section */

/* Begin PBXResourcesBuildPhase section */
		A13777781F3B01A800DB1B02 /* Resources */ = {
			isa = PBXResourcesBuildPhase;
			buildActionMask = 2147483647;
			files = (
				A13777881F3B01A800DB1B02 /* LaunchScreen.storyboard in Resources */,
				A13777851F3B01A800DB1B02 /* Assets.xcassets in Resources */,
				A13777831F3B01A800DB1B02 /* Main.storyboard in Resources */,
			);
			runOnlyForDeploymentPostprocessing = 0;
		};
		A137778C1F3B01A800DB1B02 /* Resources */ = {
			isa = PBXResourcesBuildPhase;
			buildActionMask = 2147483647;
			files = (
			);
			runOnlyForDeploymentPostprocessing = 0;
		};
		A13777971F3B01A800DB1B02 /* Resources */ = {
			isa = PBXResourcesBuildPhase;
			buildActionMask = 2147483647;
			files = (
			);
			runOnlyForDeploymentPostprocessing = 0;
		};
/* End PBXResourcesBuildPhase section */

/* Begin PBXSourcesBuildPhase section */
		A13777761F3B01A800DB1B02 /* Sources */ = {
			isa = PBXSourcesBuildPhase;
			buildActionMask = 2147483647;
			files = (
				A13777801F3B01A800DB1B02 /* ViewController.swift in Sources */,
				A137777E1F3B01A800DB1B02 /* AppDelegate.swift in Sources */,
			);
			runOnlyForDeploymentPostprocessing = 0;
		};
		A137778A1F3B01A800DB1B02 /* Sources */ = {
			isa = PBXSourcesBuildPhase;
			buildActionMask = 2147483647;
			files = (
				A13777931F3B01A800DB1B02 /* TideTestTests.swift in Sources */,
			);
			runOnlyForDeploymentPostprocessing = 0;
		};
		A13777951F3B01A800DB1B02 /* Sources */ = {
			isa = PBXSourcesBuildPhase;
			buildActionMask = 2147483647;
			files = (
				A137779E1F3B01A800DB1B02 /* TideTestUITests.swift in Sources */,
			);
			runOnlyForDeploymentPostprocessing = 0;
		};
/* End PBXSourcesBuildPhase section */

/* Begin PBXTargetDependency section */
		A13777901F3B01A800DB1B02 /* PBXTargetDependency */ = {
			isa = PBXTargetDependency;
			target = A13777791F3B01A800DB1B02 /* TideTest */;
			targetProxy = A137778F1F3B01A800DB1B02 /* PBXContainerItemProxy */;
		};
		A137779B1F3B01A800DB1B02 /* PBXTargetDependency */ = {
			isa = PBXTargetDependency;
			target = A13777791F3B01A800DB1B02 /* TideTest */;
			targetProxy = A137779A1F3B01A800DB1B02 /* PBXContainerItemProxy */;
		};
/* End PBXTargetDependency section */

/* Begin PBXVariantGroup section */
		A13777811F3B01A800DB1B02 /* Main.storyboard */ = {
			isa = PBXVariantGroup;
			children = (
				A13777821F3B01A800DB1B02 /* Base */,
			);
			name = Main.storyboard;
			sourceTree = "<group>";
		};
		A13777861F3B01A800DB1B02 /* LaunchScreen.storyboard */ = {
			isa = PBXVariantGroup;
			children = (
				A13777871F3B01A800DB1B02 /* Base */,
			);
			name = LaunchScreen.storyboard;
			sourceTree = "<group>";
		};
/* End PBXVariantGroup section */

/* Begin XCBuildConfiguration section */
		A13777A01F3B01A800DB1B02 /* Debug */ = {
			isa = XCBuildConfiguration;
			buildSettings = {
				ALWAYS_SEARCH_USER_PATHS = NO;
				CLANG_ANALYZER_NONNULL = YES;
				CLANG_ANALYZER_NUMBER_OBJECT_CONVERSION = YES_AGGRESSIVE;
				CLANG_CXX_LANGUAGE_STANDARD = "gnu++0x";
				CLANG_CXX_LIBRARY = "libc++";
				CLANG_ENABLE_MODULES = YES;
				CLANG_ENABLE_OBJC_ARC = YES;
				CLANG_WARN_BOOL_CONVERSION = YES;
				CLANG_WARN_CONSTANT_CONVERSION = YES;
				CLANG_WARN_DIRECT_OBJC_ISA_USAGE = YES_ERROR;
				CLANG_WARN_DOCUMENTATION_COMMENTS = YES;
				CLANG_WARN_EMPTY_BODY = YES;
				CLANG_WARN_ENUM_CONVERSION = YES;
				CLANG_WARN_INFINITE_RECURSION = YES;
				CLANG_WARN_INT_CONVERSION = YES;
				CLANG_WARN_OBJC_ROOT_CLASS = YES_ERROR;
				CLANG_WARN_SUSPICIOUS_MOVE = YES;
				CLANG_WARN_UNREACHABLE_CODE = YES;
				CLANG_WARN__DUPLICATE_METHOD_MATCH = YES;
				"CODE_SIGN_IDENTITY[sdk=iphoneos*]" = "iPhone Developer";
				COPY_PHASE_STRIP = NO;
				DEBUG_INFORMATION_FORMAT = dwarf;
				ENABLE_STRICT_OBJC_MSGSEND = YES;
				ENABLE_TESTABILITY = YES;
				GCC_C_LANGUAGE_STANDARD = gnu99;
				GCC_DYNAMIC_NO_PIC = NO;
				GCC_NO_COMMON_BLOCKS = YES;
				GCC_OPTIMIZATION_LEVEL = 0;
				GCC_PREPROCESSOR_DEFINITIONS = (
					"DEBUG=1",
					"$(inherited)",
				);
				GCC_WARN_64_TO_32_BIT_CONVERSION = YES;
				GCC_WARN_ABOUT_RETURN_TYPE = YES_ERROR;
				GCC_WARN_UNDECLARED_SELECTOR = YES;
				GCC_WARN_UNINITIALIZED_AUTOS = YES_AGGRESSIVE;
				GCC_WARN_UNUSED_FUNCTION = YES;
				GCC_WARN_UNUSED_VARIABLE = YES;
				IPHONEOS_DEPLOYMENT_TARGET = 10.3;
				MTL_ENABLE_DEBUG_INFO = YES;
				ONLY_ACTIVE_ARCH = YES;
				SDKROOT = iphoneos;
				SWIFT_ACTIVE_COMPILATION_CONDITIONS = DEBUG;
				SWIFT_OPTIMIZATION_LEVEL = "-Onone";
			};
			name = Debug;
		};
		A13777A11F3B01A800DB1B02 /* Release */ = {
			isa = XCBuildConfiguration;
			buildSettings = {
				ALWAYS_SEARCH_USER_PATHS = NO;
				CLANG_ANALYZER_NONNULL = YES;
				CLANG_ANALYZER_NUMBER_OBJECT_CONVERSION = YES_AGGRESSIVE;
				CLANG_CXX_LANGUAGE_STANDARD = "gnu++0x";
				CLANG_CXX_LIBRARY = "libc++";
				CLANG_ENABLE_MODULES = YES;
				CLANG_ENABLE_OBJC_ARC = YES;
				CLANG_WARN_BOOL_CONVERSION = YES;
				CLANG_WARN_CONSTANT_CONVERSION = YES;
				CLANG_WARN_DIRECT_OBJC_ISA_USAGE = YES_ERROR;
				CLANG_WARN_DOCUMENTATION_COMMENTS = YES;
				CLANG_WARN_EMPTY_BODY = YES;
				CLANG_WARN_ENUM_CONVERSION = YES;
				CLANG_WARN_INFINITE_RECURSION = YES;
				CLANG_WARN_INT_CONVERSION = YES;
				CLANG_WARN_OBJC_ROOT_CLASS = YES_ERROR;
				CLANG_WARN_SUSPICIOUS_MOVE = YES;
				CLANG_WARN_UNREACHABLE_CODE = YES;
				CLANG_WARN__DUPLICATE_METHOD_MATCH = YES;
				"CODE_SIGN_IDENTITY[sdk=iphoneos*]" = "iPhone Developer";
				COPY_PHASE_STRIP = NO;
				DEBUG_INFORMATION_FORMAT = "dwarf-with-dsym";
				ENABLE_NS_ASSERTIONS = NO;
				ENABLE_STRICT_OBJC_MSGSEND = YES;
				GCC_C_LANGUAGE_STANDARD = gnu99;
				GCC_NO_COMMON_BLOCKS = YES;
				GCC_WARN_64_TO_32_BIT_CONVERSION = YES;
				GCC_WARN_ABOUT_RETURN_TYPE = YES_ERROR;
				GCC_WARN_UNDECLARED_SELECTOR = YES;
				GCC_WARN_UNINITIALIZED_AUTOS = YES_AGGRESSIVE;
				GCC_WARN_UNUSED_FUNCTION = YES;
				GCC_WARN_UNUSED_VARIABLE = YES;
				IPHONEOS_DEPLOYMENT_TARGET = 10.3;
				MTL_ENABLE_DEBUG_INFO = NO;
				SDKROOT = iphoneos;
				SWIFT_OPTIMIZATION_LEVEL = "-Owholemodule";
				VALIDATE_PRODUCT = YES;
			};
			name = Release;
		};
		A13777A31F3B01A800DB1B02 /* Debug */ = {
			isa = XCBuildConfiguration;
			buildSettings = {
				ASSETCATALOG_COMPILER_APPICON_NAME = AppIcon;
				INFOPLIST_FILE = TideTest/Info.plist;
				LD_RUNPATH_SEARCH_PATHS = "$(inherited) @executable_path/Frameworks";
				PRODUCT_BUNDLE_IDENTIFIER = home.TideTest;
				PRODUCT_NAME = "$(TARGET_NAME)";
				SWIFT_VERSION = 3.0;
			};
			name = Debug;
		};
		A13777A41F3B01A800DB1B02 /* Release */ = {
			isa = XCBuildConfiguration;
			buildSettings = {
				ASSETCATALOG_COMPILER_APPICON_NAME = AppIcon;
				INFOPLIST_FILE = TideTest/Info.plist;
				LD_RUNPATH_SEARCH_PATHS = "$(inherited) @executable_path/Frameworks";
				PRODUCT_BUNDLE_IDENTIFIER = home.TideTest;
				PRODUCT_NAME = "$(TARGET_NAME)";
				SWIFT_VERSION = 3.0;
			};
			name = Release;
		};
		A13777A61F3B01A800DB1B02 /* Debug */ = {
			isa = XCBuildConfiguration;
			buildSettings = {
				ALWAYS_EMBED_SWIFT_STANDARD_LIBRARIES = YES;
				BUNDLE_LOADER = "$(TEST_HOST)";
				INFOPLIST_FILE = TideTestTests/Info.plist;
				LD_RUNPATH_SEARCH_PATHS = "$(inherited) @executable_path/Frameworks @loader_path/Frameworks";
				PRODUCT_BUNDLE_IDENTIFIER = home.TideTestTests;
				PRODUCT_NAME = "$(TARGET_NAME)";
				SWIFT_VERSION = 3.0;
				TEST_HOST = "$(BUILT_PRODUCTS_DIR)/TideTest.app/TideTest";
			};
			name = Debug;
		};
		A13777A71F3B01A800DB1B02 /* Release */ = {
			isa = XCBuildConfiguration;
			buildSettings = {
				ALWAYS_EMBED_SWIFT_STANDARD_LIBRARIES = YES;
				BUNDLE_LOADER = "$(TEST_HOST)";
				INFOPLIST_FILE = TideTestTests/Info.plist;
				LD_RUNPATH_SEARCH_PATHS = "$(inherited) @executable_path/Frameworks @loader_path/Frameworks";
				PRODUCT_BUNDLE_IDENTIFIER = home.TideTestTests;
				PRODUCT_NAME = "$(TARGET_NAME)";
				SWIFT_VERSION = 3.0;
				TEST_HOST = "$(BUILT_PRODUCTS_DIR)/TideTest.app/TideTest";
			};
			name = Release;
		};
		A13777A91F3B01A800DB1B02 /* Debug */ = {
			isa = XCBuildConfiguration;
			buildSettings = {
				ALWAYS_EMBED_SWIFT_STANDARD_LIBRARIES = YES;
				INFOPLIST_FILE = TideTestUITests/Info.plist;
				LD_RUNPATH_SEARCH_PATHS = "$(inherited) @executable_path/Frameworks @loader_path/Frameworks";
				PRODUCT_BUNDLE_IDENTIFIER = home.TideTestUITests;
				PRODUCT_NAME = "$(TARGET_NAME)";
				SWIFT_VERSION = 3.0;
				TEST_TARGET_NAME = TideTest;
			};
			name = Debug;
		};
		A13777AA1F3B01A800DB1B02 /* Release */ = {
			isa = XCBuildConfiguration;
			buildSettings = {
				ALWAYS_EMBED_SWIFT_STANDARD_LIBRARIES = YES;
				INFOPLIST_FILE = TideTestUITests/Info.plist;
				LD_RUNPATH_SEARCH_PATHS = "$(inherited) @executable_path/Frameworks @loader_path/Frameworks";
				PRODUCT_BUNDLE_IDENTIFIER = home.TideTestUITests;
				PRODUCT_NAME = "$(TARGET_NAME)";
				SWIFT_VERSION = 3.0;
				TEST_TARGET_NAME = TideTest;
			};
			name = Release;
		};
/* End XCBuildConfiguration section */

/* Begin XCConfigurationList section */
		A13777751F3B01A800DB1B02 /* Build configuration list for PBXProject "TideTest" */ = {
			isa = XCConfigurationList;
			buildConfigurations = (
				A13777A01F3B01A800DB1B02 /* Debug */,
				A13777A11F3B01A800DB1B02 /* Release */,
			);
			defaultConfigurationIsVisible = 0;
			defaultConfigurationName = Release;
		};
		A13777A21F3B01A800DB1B02 /* Build configuration list for PBXNativeTarget "TideTest" */ = {
			isa = XCConfigurationList;
			buildConfigurations = (
				A13777A31F3B01A800DB1B02 /* Debug */,
				A13777A41F3B01A800DB1B02 /* Release */,
			);
			defaultConfigurationIsVisible = 0;
		};
		A13777A51F3B01A800DB1B02 /* Build configuration list for PBXNativeTarget "TideTestTests" */ = {
			isa = XCConfigurationList;
			buildConfigurations = (
				A13777A61F3B01A800DB1B02 /* Debug */,
				A13777A71F3B01A800DB1B02 /* Release */,
			);
			defaultConfigurationIsVisible = 0;
		};
		A13777A81F3B01A800DB1B02 /* Build configuration list for PBXNativeTarget "TideTestUITests" */ = {
			isa = XCConfigurationList;
			buildConfigurations = (
				A13777A91F3B01A800DB1B02 /* Debug */,
				A13777AA1F3B01A800DB1B02 /* Release */,
			);
			defaultConfigurationIsVisible = 0;
		};
/* End XCConfigurationList section */
	};
	rootObject = A13777721F3B01A800DB1B02 /* Project object */;
}
